{
  "name": "scotfail",
  "version": "1.0.0",
  "lockfileVersion": 1,
  "requires": true,
  "dependencies": {
    "moment": {
      "version": "2.22.2",
      "resolved": "https://registry.npmjs.org/moment/-/moment-2.22.2.tgz",
      "integrity": "sha1-PCV/mDn8DpP/UxSWMiOeuQeD/2Y="
    },
    "tracery-grammar": {
      "version": "2.7.3",
      "resolved": "https://registry.npmjs.org/tracery-grammar/-/tracery-grammar-2.7.3.tgz",
      "integrity": "sha1-Rj4F8Bf7aJHeS66n1GQZm2l6y+o="
    }
  }
}
